
Microsoft Visual Studio Solution File, Format Version 12.00
# Visual Studio Version 16
VisualStudioVersion = 16.0.32929.386
MinimumVisualStudioVersion = 10.0.40219.1
Project("{8BC9CEB8-8B4A-11D0-8D11-00A0C91BC942}") = "TerminalGameEngine", "TerminalGameEngine\TerminalGameEngine.vcxproj", "{6E4D3D1B-A086-4B7D-8502-48B1AE4889FE}"
EndProject
Global
	GlobalSection(SolutionConfigurationPlatforms) = preSolution
		Debug|x64 = Debug|x64
		Debug|x86 = Debug|x86
		Release|x64 = Release|x64
		Release|x86 = Release|x86
	EndGlobalSection
	GlobalSection(ProjectConfigurationPlatforms) = postSolution
		{6E4D3D1B-A086-4B7D-8502-48B1AE4889FE}.Debug|x64.ActiveCfg = Debug|x64
		{6E4D3D1B-A086-4B7D-8502-48B1AE4889FE}.Debug|x64.Build.0 = Debug|x64
		{6E4D3D1B-A086-4B7D-8502-48B1AE4889FE}.Debug|x86.ActiveCfg = Debug|Win32
		{6E4D3D1B-A086-4B7D-8502-48B1AE4889FE}.Debug|x86.Build.0 = Debug|Win32
		{6E4D3D1B-A086-4B7D-8502-48B1AE4889FE}.Release|x64.ActiveCfg = Release|x64
		{6E4D3D1B-A086-4B7D-8502-48B1AE4889FE}.Release|x64.Build.0 = Release|x64
		{6E4D3D1B-A086-4B7D-8502-48B1AE4889FE}.Release|x86.ActiveCfg = Release|Win32
		{6E4D3D1B-A086-4B7D-8502-48B1AE4889FE}.Release|x86.Build.0 = Release|Win32
	EndGlobalSection
	GlobalSection(SolutionProperties) = preSolution
		HideSolutionNode = FALSE
	EndGlobalSection
	GlobalSection(ExtensibilityGlobals) = postSolution
		SolutionGuid = {3CA94A14-88F9-49A6-A419-FF3F16A0F9B2}
	EndGlobalSection
EndGlobal
